// !$*UTF8*$!
{
	archiveVersion = 1;
	classes = {
	};
	objectVersion = 56;
	objects = {

/* Begin PBXBuildFile section */
		C883A4E229AF0DE000E1D8A5 /* AppDelegate.swift in Sources */ = {isa = PBXBuildFile; fileRef = C883A4E129AF0DE000E1D8A5 /* AppDelegate.swift */; };
		C883A4E429AF0DE000E1D8A5 /* SceneDelegate.swift in Sources */ = {isa = PBXBuildFile; fileRef = C883A4E329AF0DE000E1D8A5 /* SceneDelegate.swift */; };
		C883A4E629AF0DE000E1D8A5 /* MainViewController.swift in Sources */ = {isa = PBXBuildFile; fileRef = C883A4E529AF0DE000E1D8A5 /* MainViewController.swift */; };
		C883A4E929AF0DE000E1D8A5 /* Main.storyboard in Resources */ = {isa = PBXBuildFile; fileRef = C883A4E729AF0DE000E1D8A5 /* Main.storyboard */; };
		C883A4EB29AF0DE200E1D8A5 /* Assets.xcassets in Resources */ = {isa = PBXBuildFile; fileRef = C883A4EA29AF0DE200E1D8A5 /* Assets.xcassets */; };
		C883A4EE29AF0DE200E1D8A5 /* LaunchScreen.storyboard in Resources */ = {isa = PBXBuildFile; fileRef = C883A4EC29AF0DE200E1D8A5 /* LaunchScreen.storyboard */; };
		C883A4F729AF0DF400E1D8A5 /* UIColorExtension.swift in Sources */ = {isa = PBXBuildFile; fileRef = C883A4F629AF0DF400E1D8A5 /* UIColorExtension.swift */; };
		C883A50329AF16BB00E1D8A5 /* CustomCollectionCell.swift in Sources */ = {isa = PBXBuildFile; fileRef = C883A50129AF16BB00E1D8A5 /* CustomCollectionCell.swift */; };
		C883A50429AF16BB00E1D8A5 /* CustomCollectionCell.xib in Resources */ = {isa = PBXBuildFile; fileRef = C883A50229AF16BB00E1D8A5 /* CustomCollectionCell.xib */; };
		C883A50729AF191400E1D8A5 /* MainViewModel.swift in Sources */ = {isa = PBXBuildFile; fileRef = C883A50629AF191400E1D8A5 /* MainViewModel.swift */; };
		C883A50929AF26F900E1D8A5 /* UICollectionViewCellExtension.swift in Sources */ = {isa = PBXBuildFile; fileRef = C883A50829AF26F900E1D8A5 /* UICollectionViewCellExtension.swift */; };
		C883A50C29AF373B00E1D8A5 /* PayViewController.swift in Sources */ = {isa = PBXBuildFile; fileRef = C883A50A29AF373B00E1D8A5 /* PayViewController.swift */; };
		C883A50D29AF373B00E1D8A5 /* PayViewController.xib in Resources */ = {isa = PBXBuildFile; fileRef = C883A50B29AF373B00E1D8A5 /* PayViewController.xib */; };
		C883A51129AF5B9C00E1D8A5 /* PayViewModel.swift in Sources */ = {isa = PBXBuildFile; fileRef = C883A51029AF5B9C00E1D8A5 /* PayViewModel.swift */; };
		C883A51429AF5D7400E1D8A5 /* CustomTableCell.swift in Sources */ = {isa = PBXBuildFile; fileRef = C883A51229AF5D7400E1D8A5 /* CustomTableCell.swift */; };
		C883A51529AF5D7500E1D8A5 /* CustomTableCell.xib in Resources */ = {isa = PBXBuildFile; fileRef = C883A51329AF5D7400E1D8A5 /* CustomTableCell.xib */; };
/* End PBXBuildFile section */

/* Begin PBXFileReference section */
		C883A4DE29AF0DE000E1D8A5 /* Click_app.app */ = {isa = PBXFileReference; explicitFileType = wrapper.application; includeInIndex = 0; path = Click_app.app; sourceTree = BUILT_PRODUCTS_DIR; };
		C883A4E129AF0DE000E1D8A5 /* AppDelegate.swift */ = {isa = PBXFileReference; lastKnownFileType = sourcecode.swift; path = AppDelegate.swift; sourceTree = "<group>"; };
		C883A4E329AF0DE000E1D8A5 /* SceneDelegate.swift */ = {isa = PBXFileReference; lastKnownFileType = sourcecode.swift; path = SceneDelegate.swift; sourceTree = "<group>"; };
		C883A4E529AF0DE000E1D8A5 /* MainViewController.swift */ = {isa = PBXFileReference; lastKnownFileType = sourcecode.swift; path = MainViewController.swift; sourceTree = "<group>"; };
		C883A4E829AF0DE000E1D8A5 /* Base */ = {isa = PBXFileReference; lastKnownFileType = file.storyboard; name = Base; path = Base.lproj/Main.storyboard; sourceTree = "<group>"; };
		C883A4EA29AF0DE200E1D8A5 /* Assets.xcassets */ = {isa = PBXFileReference; lastKnownFileType = folder.assetcatalog; path = Assets.xcassets; sourceTree = "<group>"; };
		C883A4ED29AF0DE200E1D8A5 /* Base */ = {isa = PBXFileReference; lastKnownFileType = file.storyboard; name = Base; path = Base.lproj/LaunchScreen.storyboard; sourceTree = "<group>"; };
		C883A4EF29AF0DE200E1D8A5 /* Info.plist */ = {isa = PBXFileReference; lastKnownFileType = text.plist.xml; path = Info.plist; sourceTree = "<group>"; };
		C883A4F629AF0DF400E1D8A5 /* UIColorExtension.swift */ = {isa = PBXFileReference; lastKnownFileType = sourcecode.swift; path = UIColorExtension.swift; sourceTree = "<group>"; };
		C883A50129AF16BB00E1D8A5 /* CustomCollectionCell.swift */ = {isa = PBXFileReference; lastKnownFileType = sourcecode.swift; path = CustomCollectionCell.swift; sourceTree = "<group>"; };
		C883A50229AF16BB00E1D8A5 /* CustomCollectionCell.xib */ = {isa = PBXFileReference; lastKnownFileType = file.xib; path = CustomCollectionCell.xib; sourceTree = "<group>"; };
		C883A50629AF191400E1D8A5 /* MainViewModel.swift */ = {isa = PBXFileReference; lastKnownFileType = sourcecode.swift; path = MainViewModel.swift; sourceTree = "<group>"; };
		C883A50829AF26F900E1D8A5 /* UICollectionViewCellExtension.swift */ = {isa = PBXFileReference; lastKnownFileType = sourcecode.swift; path = UICollectionViewCellExtension.swift; sourceTree = "<group>"; };
		C883A50A29AF373B00E1D8A5 /* PayViewController.swift */ = {isa = PBXFileReference; lastKnownFileType = sourcecode.swift; path = PayViewController.swift; sourceTree = "<group>"; };
		C883A50B29AF373B00E1D8A5 /* PayViewController.xib */ = {isa = PBXFileReference; lastKnownFileType = file.xib; path = PayViewController.xib; sourceTree = "<group>"; };
		C883A51029AF5B9C00E1D8A5 /* PayViewModel.swift */ = {isa = PBXFileReference; lastKnownFileType = sourcecode.swift; path = PayViewModel.swift; sourceTree = "<group>"; };
		C883A51229AF5D7400E1D8A5 /* CustomTableCell.swift */ = {isa = PBXFileReference; lastKnownFileType = sourcecode.swift; path = CustomTableCell.swift; sourceTree = "<group>"; };
		C883A51329AF5D7400E1D8A5 /* CustomTableCell.xib */ = {isa = PBXFileReference; lastKnownFileType = file.xib; path = CustomTableCell.xib; sourceTree = "<group>"; };
/* End PBXFileReference section */

/* Begin PBXFrameworksBuildPhase section */
		C883A4DB29AF0DE000E1D8A5 /* Frameworks */ = {
			isa = PBXFrameworksBuildPhase;
			buildActionMask = 2147483647;
			files = (
			);
			runOnlyForDeploymentPostprocessing = 0;
		};
/* End PBXFrameworksBuildPhase section */

/* Begin PBXGroup section */
		C883A4D529AF0DE000E1D8A5 = {
			isa = PBXGroup;
			children = (
				C883A4E029AF0DE000E1D8A5 /* Click_app */,
				C883A4DF29AF0DE000E1D8A5 /* Products */,
			);
			sourceTree = "<group>";
		};
		C883A4DF29AF0DE000E1D8A5 /* Products */ = {
			isa = PBXGroup;
			children = (
				C883A4DE29AF0DE000E1D8A5 /* Click_app.app */,
			);
			name = Products;
			sourceTree = "<group>";
		};
		C883A4E029AF0DE000E1D8A5 /* Click_app */ = {
			isa = PBXGroup;
			children = (
				C883A4F829AF0E3000E1D8A5 /* Base */,
				C883A4F529AF0DE600E1D8A5 /* Extensions */,
				C883A4F929AF0E3600E1D8A5 /* Resources */,
				C883A50529AF18CC00E1D8A5 /* ViewModels */,
				C883A4FA29AF14FE00E1D8A5 /* UI */,
				C883A4E529AF0DE000E1D8A5 /* MainViewController.swift */,
				C883A4E729AF0DE000E1D8A5 /* Main.storyboard */,
				C883A50A29AF373B00E1D8A5 /* PayViewController.swift */,
				C883A50B29AF373B00E1D8A5 /* PayViewController.xib */,
				C883A4EF29AF0DE200E1D8A5 /* Info.plist */,
			);
			path = Click_app;
			sourceTree = "<group>";
		};
		C883A4F529AF0DE600E1D8A5 /* Extensions */ = {
			isa = PBXGroup;
			children = (
				C883A4F629AF0DF400E1D8A5 /* UIColorExtension.swift */,
				C883A50829AF26F900E1D8A5 /* UICollectionViewCellExtension.swift */,
			);
			path = Extensions;
			sourceTree = "<group>";
		};
		C883A4F829AF0E3000E1D8A5 /* Base */ = {
			isa = PBXGroup;
			children = (
				C883A4E329AF0DE000E1D8A5 /* SceneDelegate.swift */,
				C883A4E129AF0DE000E1D8A5 /* AppDelegate.swift */,
				C883A4EC29AF0DE200E1D8A5 /* LaunchScreen.storyboard */,
			);
			path = Base;
			sourceTree = "<group>";
		};
		C883A4F929AF0E3600E1D8A5 /* Resources */ = {
			isa = PBXGroup;
			children = (
				C883A4EA29AF0DE200E1D8A5 /* Assets.xcassets */,
			);
			path = Resources;
			sourceTree = "<group>";
		};
		C883A4FA29AF14FE00E1D8A5 /* UI */ = {
			isa = PBXGroup;
			children = (
				C883A50129AF16BB00E1D8A5 /* CustomCollectionCell.swift */,
				C883A50229AF16BB00E1D8A5 /* CustomCollectionCell.xib */,
				C883A51229AF5D7400E1D8A5 /* CustomTableCell.swift */,
				C883A51329AF5D7400E1D8A5 /* CustomTableCell.xib */,
			);
			path = UI;
			sourceTree = "<group>";
		};
		C883A50529AF18CC00E1D8A5 /* ViewModels */ = {
			isa = PBXGroup;
			children = (
				C883A50629AF191400E1D8A5 /* MainViewModel.swift */,
				C883A51029AF5B9C00E1D8A5 /* PayViewModel.swift */,
			);
			path = ViewModels;
			sourceTree = "<group>";
		};
/* End PBXGroup section */

/* Begin PBXNativeTarget section */
		C883A4DD29AF0DE000E1D8A5 /* Click_app */ = {
			isa = PBXNativeTarget;
			buildConfigurationList = C883A4F229AF0DE200E1D8A5 /* Build configuration list for PBXNativeTarget "Click_app" */;
			buildPhases = (
				C883A4DA29AF0DE000E1D8A5 /* Sources */,
				C883A4DB29AF0DE000E1D8A5 /* Frameworks */,
				C883A4DC29AF0DE000E1D8A5 /* Resources */,
			);
			buildRules = (
			);
			dependencies = (
			);
			name = Click_app;
			productName = Click_app;
			productReference = C883A4DE29AF0DE000E1D8A5 /* Click_app.app */;
			productType = "com.apple.product-type.application";
		};
/* End PBXNativeTarget section */

/* Begin PBXProject section */
		C883A4D629AF0DE000E1D8A5 /* Project object */ = {
			isa = PBXProject;
			attributes = {
				BuildIndependentTargetsInParallel = 1;
				LastSwiftUpdateCheck = 1420;
				LastUpgradeCheck = 1420;
				TargetAttributes = {
					C883A4DD29AF0DE000E1D8A5 = {
						CreatedOnToolsVersion = 14.2;
					};
				};
			};
			buildConfigurationList = C883A4D929AF0DE000E1D8A5 /* Build configuration list for PBXProject "Click_app" */;
			compatibilityVersion = "Xcode 14.0";
			developmentRegion = en;
			hasScannedForEncodings = 0;
			knownRegions = (
				en,
				Base,
			);
			mainGroup = C883A4D529AF0DE000E1D8A5;
			productRefGroup = C883A4DF29AF0DE000E1D8A5 /* Products */;
			projectDirPath = "";
			projectRoot = "";
			targets = (
				C883A4DD29AF0DE000E1D8A5 /* Click_app */,
			);
		};
/* End PBXProject section */

/* Begin PBXResourcesBuildPhase section */
		C883A4DC29AF0DE000E1D8A5 /* Resources */ = {
			isa = PBXResourcesBuildPhase;
			buildActionMask = 2147483647;
			files = (
				C883A50429AF16BB00E1D8A5 /* CustomCollectionCell.xib in Resources */,
				C883A4EE29AF0DE200E1D8A5 /* LaunchScreen.storyboard in Resources */,
				C883A4EB29AF0DE200E1D8A5 /* Assets.xcassets in Resources */,
				C883A51529AF5D7500E1D8A5 /* CustomTableCell.xib in Resources */,
				C883A4E929AF0DE000E1D8A5 /* Main.storyboard in Resources */,
				C883A50D29AF373B00E1D8A5 /* PayViewController.xib in Resources */,
			);
			runOnlyForDeploymentPostprocessing = 0;
		};
/* End PBXResourcesBuildPhase section */

/* Begin PBXSourcesBuildPhase section */
		C883A4DA29AF0DE000E1D8A5 /* Sources */ = {
			isa = PBXSourcesBuildPhase;
			buildActionMask = 2147483647;
			files = (
				C883A4E629AF0DE000E1D8A5 /* MainViewController.swift in Sources */,
				C883A51429AF5D7400E1D8A5 /* CustomTableCell.swift in Sources */,
				C883A51129AF5B9C00E1D8A5 /* PayViewModel.swift in Sources */,
				C883A50329AF16BB00E1D8A5 /* CustomCollectionCell.swift in Sources */,
				C883A50929AF26F900E1D8A5 /* UICollectionViewCellExtension.swift in Sources */,
				C883A50C29AF373B00E1D8A5 /* PayViewController.swift in Sources */,
				C883A4E229AF0DE000E1D8A5 /* AppDelegate.swift in Sources */,
				C883A4E429AF0DE000E1D8A5 /* SceneDelegate.swift in Sources */,
				C883A4F729AF0DF400E1D8A5 /* UIColorExtension.swift in Sources */,
				C883A50729AF191400E1D8A5 /* MainViewModel.swift in Sources */,
			);
			runOnlyForDeploymentPostprocessing = 0;
		};
/* End PBXSourcesBuildPhase section */

/* Begin PBXVariantGroup section */
		C883A4E729AF0DE000E1D8A5 /* Main.storyboard */ = {
			isa = PBXVariantGroup;
			children = (
				C883A4E829AF0DE000E1D8A5 /* Base */,
			);
			name = Main.storyboard;
			sourceTree = "<group>";
		};
		C883A4EC29AF0DE200E1D8A5 /* LaunchScreen.storyboard */ = {
			isa = PBXVariantGroup;
			children = (
				C883A4ED29AF0DE200E1D8A5 /* Base */,
			);
			name = LaunchScreen.storyboard;
			sourceTree = "<group>";
		};
/* End PBXVariantGroup section */

/* Begin XCBuildConfiguration section */
		C883A4F029AF0DE200E1D8A5 /* Debug */ = {
			isa = XCBuildConfiguration;
			buildSettings = {
				ALWAYS_SEARCH_USER_PATHS = NO;
				CLANG_ANALYZER_NONNULL = YES;
				CLANG_ANALYZER_NUMBER_OBJECT_CONVERSION = YES_AGGRESSIVE;
				CLANG_CXX_LANGUAGE_STANDARD = "gnu++20";
				CLANG_ENABLE_MODULES = YES;
				CLANG_ENABLE_OBJC_ARC = YES;
				CLANG_ENABLE_OBJC_WEAK = YES;
				CLANG_WARN_BLOCK_CAPTURE_AUTORELEASING = YES;
				CLANG_WARN_BOOL_CONVERSION = YES;
				CLANG_WARN_COMMA = YES;
				CLANG_WARN_CONSTANT_CONVERSION = YES;
				CLANG_WARN_DEPRECATED_OBJC_IMPLEMENTATIONS = YES;
				CLANG_WARN_DIRECT_OBJC_ISA_USAGE = YES_ERROR;
				CLANG_WARN_DOCUMENTATION_COMMENTS = YES;
				CLANG_WARN_EMPTY_BODY = YES;
				CLANG_WARN_ENUM_CONVERSION = YES;
				CLANG_WARN_INFINITE_RECURSION = YES;
				CLANG_WARN_INT_CONVERSION = YES;
				CLANG_WARN_NON_LITERAL_NULL_CONVERSION = YES;
				CLANG_WARN_OBJC_IMPLICIT_RETAIN_SELF = YES;
				CLANG_WARN_OBJC_LITERAL_CONVERSION = YES;
				CLANG_WARN_OBJC_ROOT_CLASS = YES_ERROR;
				CLANG_WARN_QUOTED_INCLUDE_IN_FRAMEWORK_HEADER = YES;
				CLANG_WARN_RANGE_LOOP_ANALYSIS = YES;
				CLANG_WARN_STRICT_PROTOTYPES = YES;
				CLANG_WARN_SUSPICIOUS_MOVE = YES;
				CLANG_WARN_UNGUARDED_AVAILABILITY = YES_AGGRESSIVE;
				CLANG_WARN_UNREACHABLE_CODE = YES;
				CLANG_WARN__DUPLICATE_METHOD_MATCH = YES;
				COPY_PHASE_STRIP = NO;
				DEBUG_INFORMATION_FORMAT = dwarf;
				ENABLE_STRICT_OBJC_MSGSEND = YES;
				ENABLE_TESTABILITY = YES;
				GCC_C_LANGUAGE_STANDARD = gnu11;
				GCC_DYNAMIC_NO_PIC = NO;
				GCC_NO_COMMON_BLOCKS = YES;
				GCC_OPTIMIZATION_LEVEL = 0;
				GCC_PREPROCESSOR_DEFINITIONS = (
					"DEBUG=1",
					"$(inherited)",
				);
				GCC_WARN_64_TO_32_BIT_CONVERSION = YES;
				GCC_WARN_ABOUT_RETURN_TYPE = YES_ERROR;
				GCC_WARN_UNDECLARED_SELECTOR = YES;
				GCC_WARN_UNINITIALIZED_AUTOS = YES_AGGRESSIVE;
				GCC_WARN_UNUSED_FUNCTION = YES;
				GCC_WARN_UNUSED_VARIABLE = YES;
				IPHONEOS_DEPLOYMENT_TARGET = 16.2;
				MTL_ENABLE_DEBUG_INFO = INCLUDE_SOURCE;
				MTL_FAST_MATH = YES;
				ONLY_ACTIVE_ARCH = YES;
				SDKROOT = iphoneos;
				SWIFT_ACTIVE_COMPILATION_CONDITIONS = DEBUG;
				SWIFT_OPTIMIZATION_LEVEL = "-Onone";
			};
			name = Debug;
		};
		C883A4F129AF0DE200E1D8A5 /* Release */ = {
			isa = XCBuildConfiguration;
			buildSettings = {
				ALWAYS_SEARCH_USER_PATHS = NO;
				CLANG_ANALYZER_NONNULL = YES;
				CLANG_ANALYZER_NUMBER_OBJECT_CONVERSION = YES_AGGRESSIVE;
				CLANG_CXX_LANGUAGE_STANDARD = "gnu++20";
				CLANG_ENABLE_MODULES = YES;
				CLANG_ENABLE_OBJC_ARC = YES;
				CLANG_ENABLE_OBJC_WEAK = YES;
				CLANG_WARN_BLOCK_CAPTURE_AUTORELEASING = YES;
				CLANG_WARN_BOOL_CONVERSION = YES;
				CLANG_WARN_COMMA = YES;
				CLANG_WARN_CONSTANT_CONVERSION = YES;
				CLANG_WARN_DEPRECATED_OBJC_IMPLEMENTATIONS = YES;
				CLANG_WARN_DIRECT_OBJC_ISA_USAGE = YES_ERROR;
				CLANG_WARN_DOCUMENTATION_COMMENTS = YES;
				CLANG_WARN_EMPTY_BODY = YES;
				CLANG_WARN_ENUM_CONVERSION = YES;
				CLANG_WARN_INFINITE_RECURSION = YES;
				CLANG_WARN_INT_CONVERSION = YES;
				CLANG_WARN_NON_LITERAL_NULL_CONVERSION = YES;
				CLANG_WARN_OBJC_IMPLICIT_RETAIN_SELF = YES;
				CLANG_WARN_OBJC_LITERAL_CONVERSION = YES;
				CLANG_WARN_OBJC_ROOT_CLASS = YES_ERROR;
				CLANG_WARN_QUOTED_INCLUDE_IN_FRAMEWORK_HEADER = YES;
				CLANG_WARN_RANGE_LOOP_ANALYSIS = YES;
				CLANG_WARN_STRICT_PROTOTYPES = YES;
				CLANG_WARN_SUSPICIOUS_MOVE = YES;
				CLANG_WARN_UNGUARDED_AVAILABILITY = YES_AGGRESSIVE;
				CLANG_WARN_UNREACHABLE_CODE = YES;
				CLANG_WARN__DUPLICATE_METHOD_MATCH = YES;
				COPY_PHASE_STRIP = NO;
				DEBUG_INFORMATION_FORMAT = "dwarf-with-dsym";
				ENABLE_NS_ASSERTIONS = NO;
				ENABLE_STRICT_OBJC_MSGSEND = YES;
				GCC_C_LANGUAGE_STANDARD = gnu11;
				GCC_NO_COMMON_BLOCKS = YES;
				GCC_WARN_64_TO_32_BIT_CONVERSION = YES;
				GCC_WARN_ABOUT_RETURN_TYPE = YES_ERROR;
				GCC_WARN_UNDECLARED_SELECTOR = YES;
				GCC_WARN_UNINITIALIZED_AUTOS = YES_AGGRESSIVE;
				GCC_WARN_UNUSED_FUNCTION = YES;
				GCC_WARN_UNUSED_VARIABLE = YES;
				IPHONEOS_DEPLOYMENT_TARGET = 16.2;
				MTL_ENABLE_DEBUG_INFO = NO;
				MTL_FAST_MATH = YES;
				SDKROOT = iphoneos;
				SWIFT_COMPILATION_MODE = wholemodule;
				SWIFT_OPTIMIZATION_LEVEL = "-O";
				VALIDATE_PRODUCT = YES;
			};
			name = Release;
		};
		C883A4F329AF0DE200E1D8A5 /* Debug */ = {
			isa = XCBuildConfiguration;
			buildSettings = {
				ASSETCATALOG_COMPILER_APPICON_NAME = AppIcon;
				ASSETCATALOG_COMPILER_GLOBAL_ACCENT_COLOR_NAME = AccentColor;
				CODE_SIGN_STYLE = Automatic;
				CURRENT_PROJECT_VERSION = 1;
				DEVELOPMENT_TEAM = Z36VGA9KK8;
				GENERATE_INFOPLIST_FILE = YES;
				INFOPLIST_FILE = Click_app/Info.plist;
				INFOPLIST_KEY_UIApplicationSupportsIndirectInputEvents = YES;
				INFOPLIST_KEY_UILaunchStoryboardName = LaunchScreen;
				INFOPLIST_KEY_UIMainStoryboardFile = Main;
				INFOPLIST_KEY_UISupportedInterfaceOrientations_iPad = "UIInterfaceOrientationPortrait UIInterfaceOrientationPortraitUpsideDown UIInterfaceOrientationLandscapeLeft UIInterfaceOrientationLandscapeRight";
				INFOPLIST_KEY_UISupportedInterfaceOrientations_iPhone = "UIInterfaceOrientationPortrait UIInterfaceOrientationLandscapeLeft UIInterfaceOrientationLandscapeRight";
				LD_RUNPATH_SEARCH_PATHS = (
					"$(inherited)",
					"@executable_path/Frameworks",
				);
				MARKETING_VERSION = 1.0;
				PRODUCT_BUNDLE_IDENTIFIER = "coolrepka.Click-app";
				PRODUCT_NAME = "$(TARGET_NAME)";
				SWIFT_EMIT_LOC_STRINGS = YES;
				SWIFT_VERSION = 5.0;
				TARGETED_DEVICE_FAMILY = "1,2";
			};
			name = Debug;
		};
		C883A4F429AF0DE200E1D8A5 /* Release */ = {
			isa = XCBuildConfiguration;
			buildSettings = {
				ASSETCATALOG_COMPILER_APPICON_NAME = AppIcon;
				ASSETCATALOG_COMPILER_GLOBAL_ACCENT_COLOR_NAME = AccentColor;
				CODE_SIGN_STYLE = Automatic;
				CURRENT_PROJECT_VERSION = 1;
				DEVELOPMENT_TEAM = Z36VGA9KK8;
				GENERATE_INFOPLIST_FILE = YES;
				INFOPLIST_FILE = Click_app/Info.plist;
				INFOPLIST_KEY_UIApplicationSupportsIndirectInputEvents = YES;
				INFOPLIST_KEY_UILaunchStoryboardName = LaunchScreen;
				INFOPLIST_KEY_UIMainStoryboardFile = Main;
				INFOPLIST_KEY_UISupportedInterfaceOrientations_iPad = "UIInterfaceOrientationPortrait UIInterfaceOrientationPortraitUpsideDown UIInterfaceOrientationLandscapeLeft UIInterfaceOrientationLandscapeRight";
				INFOPLIST_KEY_UISupportedInterfaceOrientations_iPhone = "UIInterfaceOrientationPortrait UIInterfaceOrientationLandscapeLeft UIInterfaceOrientationLandscapeRight";
				LD_RUNPATH_SEARCH_PATHS = (
					"$(inherited)",
					"@executable_path/Frameworks",
				);
				MARKETING_VERSION = 1.0;
				PRODUCT_BUNDLE_IDENTIFIER = "coolrepka.Click-app";
				PRODUCT_NAME = "$(TARGET_NAME)";
				SWIFT_EMIT_LOC_STRINGS = YES;
				SWIFT_VERSION = 5.0;
				TARGETED_DEVICE_FAMILY = "1,2";
			};
			name = Release;
		};
/* End XCBuildConfiguration section */

/* Begin XCConfigurationList section */
		C883A4D929AF0DE000E1D8A5 /* Build configuration list for PBXProject "Click_app" */ = {
			isa = XCConfigurationList;
			buildConfigurations = (
				C883A4F029AF0DE200E1D8A5 /* Debug */,
				C883A4F129AF0DE200E1D8A5 /* Release */,
			);
			defaultConfigurationIsVisible = 0;
			defaultConfigurationName = Release;
		};
		C883A4F229AF0DE200E1D8A5 /* Build configuration list for PBXNativeTarget "Click_app" */ = {
			isa = XCConfigurationList;
			buildConfigurations = (
				C883A4F329AF0DE200E1D8A5 /* Debug */,
				C883A4F429AF0DE200E1D8A5 /* Release */,
			);
			defaultConfigurationIsVisible = 0;
			defaultConfigurationName = Release;
		};
/* End XCConfigurationList section */
	};
	rootObject = C883A4D629AF0DE000E1D8A5 /* Project object */;
}
